PODS:
  - AMapFoundation (1.8.2)
  - AMapLocation (2.10.0):
    - AMapFoundation (>= 1.8.0)
  - AMapSearch (9.5.0):
    - AMapFoundation (>= 1.8.0)
  - CHTCollectionViewWaterfallLayout/Swift (0.9.10)
  - DateToolsSwift (5.0.0)
  - KMPlaceholderTextView (1.4.0)
  - MBProgressHUD (1.2.0)
  - MJRefresh (3.7.5)
  - PryntTrimmerView (4.0.2)
  - SKPhotoBrowser (7.1.0)
  - SteviaLayout (4.7.3)
  - XLPagerTabStrip (9.0.0)
  - YPImagePicker (5.2.1):
    - PryntTrimmerView (= 4.0.2)
    - SteviaLayout (= 4.7.3)

DEPENDENCIES:
  - AMapLocation
  - AMapSearch
  - CHTCollectionViewWaterfallLayout/Swift
  - DateToolsSwift
  - KMPlaceholderTextView (~> 1.4.0)
  - MBProgressHUD (~> 1.2.0)
  - MJRefresh
  - SKPhotoBrowser
  - XLPagerTabStrip (~> 9.0)
  - YPImagePicker

SPEC REPOS:
  https://github.com/CocoaPods/Specs.git:
    - CHTCollectionViewWaterfallLayout
    - MBProgressHUD
    - PryntTrimmerView
    - SKPhotoBrowser
    - SteviaLayout
    - XLPagerTabStrip
    - YPImagePicker
  https://mirrors.tuna.tsinghua.edu.cn/git/CocoaPods/Specs.git:
    - AMapFoundation
    - AMapLocation
    - AMapSearch
    - DateToolsSwift
    - KMPlaceholderTextView
    - MJRefresh

SPEC CHECKSUMS:
  AMapFoundation: 9885c48fc3a78fdfb84a0299a2293e56ea3c9fec
  AMapLocation: 5248aec2455ebb5d104b367813c946430a2ee033
  AMapSearch: e0c81206b8ac1d27ef349095a96ea6398e3a0da3
  CHTCollectionViewWaterfallLayout: b989a459788d7657ac010e03bc0f7eedca95a420
  DateToolsSwift: 4207ada6ad615d8dc076323d27037c94916dbfa6
  KMPlaceholderTextView: 2206c3df39979e9396e2d96fa9f427a8951121b0
  MBProgressHUD: 3ee5efcc380f6a79a7cc9b363dd669c5e1ae7406
  MJRefresh: fdf5e979eb406a0341468932d1dfc8b7f9fce961
  PryntTrimmerView: 6a43cc90df5d99addeabd33d4ba09b1365322130
  SKPhotoBrowser: cd95b95a6f352fc2a50992721299f75ead77f9ab
  SteviaLayout: c2ecdcff57d44e38fd2f65e54ad52aeae28ca0c4
  XLPagerTabStrip: 61c57fd61f611ee5f01ff1495ad6fbee8bf496c5
  YPImagePicker: f36043210c10b0783034eb1947d6e06e31c461e4

PODFILE CHECKSUM: 788432d16005c931ab2ee2ae4f1e974a719a65c9

COCOAPODS: 1.12.0
